
Microsoft Visual Studio Solution File, Format Version 12.00
# Visual Studio Version 16
VisualStudioVersion = 16.0.29519.87
MinimumVisualStudioVersion = 10.0.40219.1
Project("{9A19103F-16F7-4668-BE54-9A1E7A4F7556}") = "AncubeApp.API", "AncubeApp.API.csproj", "{964A4D15-E7A2-47E4-AA6E-DA1F56B77474}"
EndProject
Global
	GlobalSection(SolutionConfigurationPlatforms) = preSolution
		Debug|Any CPU = Debug|Any CPU
		Release|Any CPU = Release|Any CPU
	EndGlobalSection
	GlobalSection(ProjectConfigurationPlatforms) = postSolution
		{964A4D15-E7A2-47E4-AA6E-DA1F56B77474}.Debug|Any CPU.ActiveCfg = Debug|Any CPU
		{964A4D15-E7A2-47E4-AA6E-DA1F56B77474}.Debug|Any CPU.Build.0 = Debug|Any CPU
		{964A4D15-E7A2-47E4-AA6E-DA1F56B77474}.Release|Any CPU.ActiveCfg = Release|Any CPU
		{964A4D15-E7A2-47E4-AA6E-DA1F56B77474}.Release|Any CPU.Build.0 = Release|Any CPU
	EndGlobalSection
	GlobalSection(SolutionProperties) = preSolution
		HideSolutionNode = FALSE
	EndGlobalSection
	GlobalSection(ExtensibilityGlobals) = postSolution
		SolutionGuid = {EFC3EC54-7E64-4FDE-B19B-60670E98D383}
	EndGlobalSection
EndGlobal
