
Microsoft Visual Studio Solution File, Format Version 12.00
# Visual Studio Version 16
VisualStudioVersion = 16.0.30002.166
MinimumVisualStudioVersion = 10.0.40219.1
Project("{9A19103F-16F7-4668-BE54-9A1E7A4F7556}") = "BookListMVC", "BookListMVC.csproj", "{95436871-1E01-486E-94DC-0A87B6E18DBE}"
EndProject
Project("{FAE04EC0-301F-11D3-BF4B-00C04F79EFBC}") = "BookListMVC.Tests", "..\BookListMVC.Tests\BookListMVC.Tests.csproj", "{113E6B61-047E-4021-987C-4973792C198C}"
EndProject
Global
	GlobalSection(SolutionConfigurationPlatforms) = preSolution
		Debug|Any CPU = Debug|Any CPU
		Release|Any CPU = Release|Any CPU
	EndGlobalSection
	GlobalSection(ProjectConfigurationPlatforms) = postSolution
		{95436871-1E01-486E-94DC-0A87B6E18DBE}.Debug|Any CPU.ActiveCfg = Debug|Any CPU
		{95436871-1E01-486E-94DC-0A87B6E18DBE}.Debug|Any CPU.Build.0 = Debug|Any CPU
		{95436871-1E01-486E-94DC-0A87B6E18DBE}.Release|Any CPU.ActiveCfg = Release|Any CPU
		{95436871-1E01-486E-94DC-0A87B6E18DBE}.Release|Any CPU.Build.0 = Release|Any CPU
		{113E6B61-047E-4021-987C-4973792C198C}.Debug|Any CPU.ActiveCfg = Debug|Any CPU
		{113E6B61-047E-4021-987C-4973792C198C}.Debug|Any CPU.Build.0 = Debug|Any CPU
		{113E6B61-047E-4021-987C-4973792C198C}.Release|Any CPU.ActiveCfg = Release|Any CPU
		{113E6B61-047E-4021-987C-4973792C198C}.Release|Any CPU.Build.0 = Release|Any CPU
	EndGlobalSection
	GlobalSection(SolutionProperties) = preSolution
		HideSolutionNode = FALSE
	EndGlobalSection
	GlobalSection(ExtensibilityGlobals) = postSolution
		SolutionGuid = {6F49AC29-79BE-4646-A6DC-1F476B9E405E}
	EndGlobalSection
EndGlobal
